
Microsoft Visual Studio Solution File, Format Version 12.00
# Visual Studio Version 16
VisualStudioVersion = 25.0.1706.9
MinimumVisualStudioVersion = 10.0.40219.1
Project("{FAE04EC0-301F-11D3-BF4B-00C04F79EFBC}") = "ToolkitPopupFlyoutExample", "ToolkitPopupFlyoutExample\ToolkitPopupFlyoutExample.csproj", "{5C316181-55FA-46F1-BBC6-493CD5838707}"
EndProject
Global
	GlobalSection(SolutionConfigurationPlatforms) = preSolution
		Debug|Any CPU = Debug|Any CPU
		Release|Any CPU = Release|Any CPU
	EndGlobalSection
	GlobalSection(ProjectConfigurationPlatforms) = postSolution
		{5C316181-55FA-46F1-BBC6-493CD5838707}.Debug|Any CPU.ActiveCfg = Debug|Any CPU
		{5C316181-55FA-46F1-BBC6-493CD5838707}.Debug|Any CPU.Build.0 = Debug|Any CPU
		{5C316181-55FA-46F1-BBC6-493CD5838707}.Release|Any CPU.ActiveCfg = Release|Any CPU
		{5C316181-55FA-46F1-BBC6-493CD5838707}.Release|Any CPU.Build.0 = Release|Any CPU
	EndGlobalSection
	GlobalSection(SolutionProperties) = preSolution
		HideSolutionNode = FALSE
	EndGlobalSection
	GlobalSection(ExtensibilityGlobals) = postSolution
		SolutionGuid = {1D41FA96-002A-4A56-B858-BFAEFE81B3F8}
	EndGlobalSection
	GlobalSection(MonoDevelopProperties) = preSolution
		Policies = $0
		$0.DotNetNamingPolicy = $1
		$1.DirectoryNamespaceAssociation = PrefixedHierarchical
	EndGlobalSection
EndGlobal
